
Microsoft Visual Studio Solution File, Format Version 12.00
# Visual Studio Version 17
VisualStudioVersion = 17.0.31903.59
MinimumVisualStudioVersion = 10.0.40219.1
Project("{9A19103F-16F7-4668-BE54-9A1E7A4F7556}") = "Capta.Customers.API", "Capta.Clientes.API\Capta.Customers.API.csproj", "{0224EF2E-23EF-43FF-A771-BC52B5E4A585}"
EndProject
Project("{9A19103F-16F7-4668-BE54-9A1E7A4F7556}") = "Capta.Customers.Application", "Capta.Clientes.Application\Capta.Customers.Application.csproj", "{6D07B358-D974-4396-827E-1F21B4AF5A8B}"
EndProject
Global
	GlobalSection(SolutionConfigurationPlatforms) = preSolution
		Debug|Any CPU = Debug|Any CPU
		Release|Any CPU = Release|Any CPU
	EndGlobalSection
	GlobalSection(ProjectConfigurationPlatforms) = postSolution
		{0224EF2E-23EF-43FF-A771-BC52B5E4A585}.Debug|Any CPU.ActiveCfg = Debug|Any CPU
		{0224EF2E-23EF-43FF-A771-BC52B5E4A585}.Debug|Any CPU.Build.0 = Debug|Any CPU
		{0224EF2E-23EF-43FF-A771-BC52B5E4A585}.Release|Any CPU.ActiveCfg = Release|Any CPU
		{0224EF2E-23EF-43FF-A771-BC52B5E4A585}.Release|Any CPU.Build.0 = Release|Any CPU
		{6D07B358-D974-4396-827E-1F21B4AF5A8B}.Debug|Any CPU.ActiveCfg = Debug|Any CPU
		{6D07B358-D974-4396-827E-1F21B4AF5A8B}.Debug|Any CPU.Build.0 = Debug|Any CPU
		{6D07B358-D974-4396-827E-1F21B4AF5A8B}.Release|Any CPU.ActiveCfg = Release|Any CPU
		{6D07B358-D974-4396-827E-1F21B4AF5A8B}.Release|Any CPU.Build.0 = Release|Any CPU
	EndGlobalSection
	GlobalSection(SolutionProperties) = preSolution
		HideSolutionNode = FALSE
	EndGlobalSection
	GlobalSection(ExtensibilityGlobals) = postSolution
		SolutionGuid = {364620B8-6217-4875-9D95-76AC879F3CE6}
	EndGlobalSection
EndGlobal
